Microsoft Visual Studio Solution File, Format Version 12.00
# Visual Studio Version 17
VisualStudioVersion = 17.5.2.0
MinimumVisualStudioVersion = 10.0.40219.1
Project("{FAE04EC0-301F-11D3-BF4B-00C04F79EFBC}") = "Authservice", "Authservice\Authservice.csproj", "{6CDAB7B3-DE4F-6FF5-06F0-D824F083F1AF}"
EndProject
Project("{FAE04EC0-301F-11D3-BF4B-00C04F79EFBC}") = "Messagingservice", "Messagingservice\Messagingservice.csproj", "{5505D88A-39B3-1E44-8E0F-8ABF5F40EB9D}"
EndProject
Project("{FAE04EC0-301F-11D3-BF4B-00C04F79EFBC}") = "Userprofileservice", "Userprofileservice\Userprofileservice.csproj", "{026BEDF0-2407-3615-8023-FEAE6518B1A2}"
EndProject
Global
	GlobalSection(SolutionConfigurationPlatforms) = preSolution
		Debug|Any CPU = Debug|Any CPU
		Release|Any CPU = Release|Any CPU
	EndGlobalSection
	GlobalSection(ProjectConfigurationPlatforms) = postSolution
		{6CDAB7B3-DE4F-6FF5-06F0-D824F083F1AF}.Debug|Any CPU.ActiveCfg = Debug|Any CPU
		{6CDAB7B3-DE4F-6FF5-06F0-D824F083F1AF}.Debug|Any CPU.Build.0 = Debug|Any CPU
		{6CDAB7B3-DE4F-6FF5-06F0-D824F083F1AF}.Release|Any CPU.ActiveCfg = Release|Any CPU
		{6CDAB7B3-DE4F-6FF5-06F0-D824F083F1AF}.Release|Any CPU.Build.0 = Release|Any CPU
		{5505D88A-39B3-1E44-8E0F-8ABF5F40EB9D}.Debug|Any CPU.ActiveCfg = Debug|Any CPU
		{5505D88A-39B3-1E44-8E0F-8ABF5F40EB9D}.Debug|Any CPU.Build.0 = Debug|Any CPU
		{5505D88A-39B3-1E44-8E0F-8ABF5F40EB9D}.Release|Any CPU.ActiveCfg = Release|Any CPU
		{5505D88A-39B3-1E44-8E0F-8ABF5F40EB9D}.Release|Any CPU.Build.0 = Release|Any CPU
		{026BEDF0-2407-3615-8023-FEAE6518B1A2}.Debug|Any CPU.ActiveCfg = Debug|Any CPU
		{026BEDF0-2407-3615-8023-FEAE6518B1A2}.Debug|Any CPU.Build.0 = Debug|Any CPU
		{026BEDF0-2407-3615-8023-FEAE6518B1A2}.Release|Any CPU.ActiveCfg = Release|Any CPU
		{026BEDF0-2407-3615-8023-FEAE6518B1A2}.Release|Any CPU.Build.0 = Release|Any CPU
	EndGlobalSection
	GlobalSection(SolutionProperties) = preSolution
		HideSolutionNode = FALSE
	EndGlobalSection
	GlobalSection(ExtensibilityGlobals) = postSolution
		SolutionGuid = {97F0577B-8B2F-4681-8E83-E113BAFDA2A5}
	EndGlobalSection
EndGlobal
